
Microsoft Visual Studio Solution File, Format Version 12.00
# Visual Studio Version 17
VisualStudioVersion = 17.8.34511.84
MinimumVisualStudioVersion = 10.0.40219.1
Project("{FAE04EC0-301F-11D3-BF4B-00C04F79EFBC}") = "Lab_14", "Lab_14.csproj", "{4986D596-7A88-4972-BBBC-BFDFF787AEDA}"
EndProject
Global
	GlobalSection(SolutionConfigurationPlatforms) = preSolution
		Debug|Any CPU = Debug|Any CPU
		Release|Any CPU = Release|Any CPU
	EndGlobalSection
	GlobalSection(ProjectConfigurationPlatforms) = postSolution
		{4986D596-7A88-4972-BBBC-BFDFF787AEDA}.Debug|Any CPU.ActiveCfg = Debug|Any CPU
		{4986D596-7A88-4972-BBBC-BFDFF787AEDA}.Debug|Any CPU.Build.0 = Debug|Any CPU
		{4986D596-7A88-4972-BBBC-BFDFF787AEDA}.Release|Any CPU.ActiveCfg = Release|Any CPU
		{4986D596-7A88-4972-BBBC-BFDFF787AEDA}.Release|Any CPU.Build.0 = Release|Any CPU
	EndGlobalSection
	GlobalSection(SolutionProperties) = preSolution
		HideSolutionNode = FALSE
	EndGlobalSection
	GlobalSection(ExtensibilityGlobals) = postSolution
		SolutionGuid = {09C285AF-BB57-4CA2-A813-7A482645A961}
	EndGlobalSection
EndGlobal
